
Microsoft Visual Studio Solution File, Format Version 12.00
# Visual Studio Version 17
VisualStudioVersion = 17.7.34024.191
MinimumVisualStudioVersion = 10.0.40219.1
Project("{8BC9CEB8-8B4A-11D0-8D11-00A0C91BC942}") = "lw2.2", "lw2.2\lw2.2.vcxproj", "{0845E0B2-608D-4F79-BCF8-3ACD257207F8}"
EndProject
Global
	GlobalSection(SolutionConfigurationPlatforms) = preSolution
		Debug|x64 = Debug|x64
		Debug|x86 = Debug|x86
		Release|x64 = Release|x64
		Release|x86 = Release|x86
	EndGlobalSection
	GlobalSection(ProjectConfigurationPlatforms) = postSolution
		{0845E0B2-608D-4F79-BCF8-3ACD257207F8}.Debug|x64.ActiveCfg = Debug|x64
		{0845E0B2-608D-4F79-BCF8-3ACD257207F8}.Debug|x64.Build.0 = Debug|x64
		{0845E0B2-608D-4F79-BCF8-3ACD257207F8}.Debug|x86.ActiveCfg = Debug|Win32
		{0845E0B2-608D-4F79-BCF8-3ACD257207F8}.Debug|x86.Build.0 = Debug|Win32
		{0845E0B2-608D-4F79-BCF8-3ACD257207F8}.Release|x64.ActiveCfg = Release|x64
		{0845E0B2-608D-4F79-BCF8-3ACD257207F8}.Release|x64.Build.0 = Release|x64
		{0845E0B2-608D-4F79-BCF8-3ACD257207F8}.Release|x86.ActiveCfg = Release|Win32
		{0845E0B2-608D-4F79-BCF8-3ACD257207F8}.Release|x86.Build.0 = Release|Win32
	EndGlobalSection
	GlobalSection(SolutionProperties) = preSolution
		HideSolutionNode = FALSE
	EndGlobalSection
	GlobalSection(ExtensibilityGlobals) = postSolution
		SolutionGuid = {985AD016-ACB9-4B7B-8A4E-9CF60FBD7054}
	EndGlobalSection
EndGlobal
